
Microsoft Visual Studio Solution File, Format Version 12.00
# Visual Studio Version 16
VisualStudioVersion = 16.0.29503.13
MinimumVisualStudioVersion = 10.0.40219.1
Project("{FAE04EC0-301F-11D3-BF4B-00C04F79EFBC}") = "InventoryApp", "InventoryApp\InventoryApp.csproj", "{8CD1E9D2-3F6A-41C6-A793-2AAFA0AB10C8}"
EndProject
Global
	GlobalSection(SolutionConfigurationPlatforms) = preSolution
		Debug|Any CPU = Debug|Any CPU
		Release|Any CPU = Release|Any CPU
	EndGlobalSection
	GlobalSection(ProjectConfigurationPlatforms) = postSolution
		{8CD1E9D2-3F6A-41C6-A793-2AAFA0AB10C8}.Debug|Any CPU.ActiveCfg = Debug|Any CPU
		{8CD1E9D2-3F6A-41C6-A793-2AAFA0AB10C8}.Debug|Any CPU.Build.0 = Debug|Any CPU
		{8CD1E9D2-3F6A-41C6-A793-2AAFA0AB10C8}.Release|Any CPU.ActiveCfg = Release|Any CPU
		{8CD1E9D2-3F6A-41C6-A793-2AAFA0AB10C8}.Release|Any CPU.Build.0 = Release|Any CPU
	EndGlobalSection
	GlobalSection(SolutionProperties) = preSolution
		HideSolutionNode = FALSE
	EndGlobalSection
	GlobalSection(ExtensibilityGlobals) = postSolution
		SolutionGuid = {7D00C6C1-7CD0-450C-A482-A1FF124D310E}
	EndGlobalSection
EndGlobal
